<?xml version="1.0" encoding="utf-8"?>
<Project ToolsVersion="4.0" xmlns="http://schemas.microsoft.com/developer/msbuild/2003">
  <ItemGroup>
    <Filter Include="Resource Files">
      <UniqueIdentifier>{67DA6AB6-F800-4c08-8B7A-83BB121AAD01}</UniqueIdentifier>
      <Extensions>rc;ico;cur;bmp;dlg;rc2;rct;bin;rgs;gif;jpg;jpeg;jpe;resx;tiff;tif;png;wav;mfcribbon-ms</Extensions>
    </Filter>
    <Filter Include="Engine">
      <UniqueIdentifier>{00c00c55-6f73-4687-969e-d1a05de13431}</UniqueIdentifier>
    </Filter>
    <Filter Include="Systems">
      <UniqueIdentifier>{08889496-d650-436f-bf64-aac72ebc7853}</UniqueIdentifier>
    </Filter>
    <Filter Include="Libraries">
      <UniqueIdentifier>{1b4fbafc-e155-46e2-b20c-09f7296ba4c5}</UniqueIdentifier>
    </Filter>
    <Filter Include="Components">
      <UniqueIdentifier>{8aed3340-a008-490c-a0c5-d3670c16518c}</UniqueIdentifier>
    </Filter>
    <Filter Include="Systems\Test">
      <UniqueIdentifier>{b68ef5bf-abc2-421c-9d58-286bea33edb5}</UniqueIdentifier>
    </Filter>
    <Filter Include="Systems\Test\Header Files">
      <UniqueIdentifier>{89a4f738-0e32-4302-b3c1-f3668bf9b5e5}</UniqueIdentifier>
    </Filter>
    <Filter Include="Systems\Test\Source Files">
      <UniqueIdentifier>{b50b130d-3100-4b7f-b470-5a5af4cf02c7}</UniqueIdentifier>
    </Filter>
    <Filter Include="Engine\Component">
      <UniqueIdentifier>{53fc07af-daf7-4067-a18b-a80bca329db7}</UniqueIdentifier>
    </Filter>
    <Filter Include="Engine\System">
      <UniqueIdentifier>{11f2e326-7151-453d-9c54-4406fddaafd9}</UniqueIdentifier>
    </Filter>
    <Filter Include="Engine\Entity">
      <UniqueIdentifier>{ab3140c2-b10d-4740-8c90-a6e01c34cc33}</UniqueIdentifier>
    </Filter>
    <Filter Include="Engine\Engine">
      <UniqueIdentifier>{4993fc4c-d1eb-4002-a059-62b435cb6ad4}</UniqueIdentifier>
    </Filter>
    <Filter Include="Engine\Space">
      <UniqueIdentifier>{9fbe340d-31ce-44bf-a735-258d15863429}</UniqueIdentifier>
    </Filter>
    <Filter Include="Libraries\Timers">
      <UniqueIdentifier>{d4079226-90dd-4c73-b706-a1af39a154c3}</UniqueIdentifier>
    </Filter>
    <Filter Include="Systems\Graphics">
      <UniqueIdentifier>{fb99c097-3255-4099-861b-f3546a7cf17f}</UniqueIdentifier>
    </Filter>
  </ItemGroup>
  <ItemGroup>
    <ClCompile Include="..\..\core\engine\src\System.cpp">
      <Filter>Engine\System</Filter>
    </ClCompile>
    <ClCompile Include="..\..\core\engine\src\Entity.cpp">
      <Filter>Engine\Entity</Filter>
    </ClCompile>
    <ClCompile Include="..\..\core\engine\src\Engine.cpp">
      <Filter>Engine\Engine</Filter>
    </ClCompile>
    <ClCompile Include="..\..\core\engine\main.cpp">
      <Filter>Engine</Filter>
    </ClCompile>
    <ClCompile Include="..\..\core\engine\src\WindowSDL.cpp">
      <Filter>Engine\Engine</Filter>
    </ClCompile>
    <ClCompile Include="..\..\core\systems\TestSystem.cpp">
      <Filter>Systems\Test\Source Files</Filter>
    </ClCompile>
    <ClCompile Include="..\..\core\engine\src\Space.cpp">
      <Filter>Engine\Space</Filter>
    </ClCompile>
    <ClCompile Include="..\..\core\systems\Graphics\src\GLGraphics.cpp">
      <Filter>Systems\Graphics</Filter>
    </ClCompile>
    <ClCompile Include="..\..\core\systems\Graphics\src\GLShader.cpp">
      <Filter>Systems\Graphics</Filter>
    </ClCompile>
    <ClCompile Include="..\..\core\systems\Graphics\src\GLShaderUniforms.cpp">
      <Filter>Systems\Graphics</Filter>
    </ClCompile>
    <ClCompile Include="..\..\core\systems\Graphics\src\mesh.cpp">
      <Filter>Systems\Graphics</Filter>
    </ClCompile>
  </ItemGroup>
  <ItemGroup>
    <ClInclude Include="..\..\core\engine\headers\Component.h">
      <Filter>Engine\Component</Filter>
    </ClInclude>
    <ClInclude Include="..\..\core\engine\headers\System.h">
      <Filter>Engine\System</Filter>
    </ClInclude>
    <ClInclude Include="..\..\core\engine\headers\Entity.h">
      <Filter>Engine\Entity</Filter>
    </ClInclude>
    <ClInclude Include="..\..\core\engine\headers\Engine.h">
      <Filter>Engine\Engine</Filter>
    </ClInclude>
    <ClInclude Include="..\..\core\engine\headers\WindowSDL.h">
      <Filter>Engine\Engine</Filter>
    </ClInclude>
    <ClInclude Include="..\..\core\components\Collider.h">
      <Filter>Components</Filter>
    </ClInclude>
    <ClInclude Include="..\..\core\components\Components.h">
      <Filter>Components</Filter>
    </ClInclude>
    <ClInclude Include="..\..\core\components\Sprite.h">
      <Filter>Components</Filter>
    </ClInclude>
    <ClInclude Include="..\..\core\components\Transform.h">
      <Filter>Components</Filter>
    </ClInclude>
    <ClInclude Include="..\..\core\systems\TestSystem.h">
      <Filter>Systems\Test\Header Files</Filter>
    </ClInclude>
    <ClInclude Include="..\..\core\engine\headers\Space.h">
      <Filter>Engine\Space</Filter>
    </ClInclude>
    <ClInclude Include="..\..\core\systems\Graphics\headers\GLGraphics.hpp">
      <Filter>Systems\Graphics</Filter>
    </ClInclude>
    <ClInclude Include="..\..\core\systems\Graphics\headers\GLShader.h">
      <Filter>Systems\Graphics</Filter>
    </ClInclude>
    <ClInclude Include="..\..\core\systems\Graphics\headers\GLShaderUniforms.h">
      <Filter>Systems\Graphics</Filter>
    </ClInclude>
  </ItemGroup>
</Project>