<?xml version="1.0" encoding="utf-8"?>
<Project ToolsVersion="4.0" xmlns="http://schemas.microsoft.com/developer/msbuild/2003">
  <ItemGroup>
    <Filter Include="Resource Files">
      <UniqueIdentifier>{67DA6AB6-F800-4c08-8B7A-83BB121AAD01}</UniqueIdentifier>
      <Extensions>rc;ico;cur;bmp;dlg;rc2;rct;bin;rgs;gif;jpg;jpeg;jpe;resx;tiff;tif;png;wav;mfcribbon-ms</Extensions>
    </Filter>
    <Filter Include="Engine">
      <UniqueIdentifier>{00c00c55-6f73-4687-969e-d1a05de13431}</UniqueIdentifier>
    </Filter>
    <Filter Include="Systems">
      <UniqueIdentifier>{08889496-d650-436f-bf64-aac72ebc7853}</UniqueIdentifier>
    </Filter>
    <Filter Include="Engine\Header Files">
      <UniqueIdentifier>{93995380-89BD-4b04-88EB-625FBE52EBFB}</UniqueIdentifier>
      <Extensions>h;hh;hpp;hxx;hm;inl;inc;xsd</Extensions>
    </Filter>
    <Filter Include="Engine\Source Files">
      <UniqueIdentifier>{4FC737F1-C7A5-4376-A066-2A32D752A2FF}</UniqueIdentifier>
      <Extensions>cpp;c;cc;cxx;def;odl;idl;hpj;bat;asm;asmx</Extensions>
    </Filter>
    <Filter Include="Systems\Source Files">
      <UniqueIdentifier>{842b08ca-7a65-47c1-95f3-fa4d2c5ea835}</UniqueIdentifier>
    </Filter>
    <Filter Include="Systems\Header Files">
      <UniqueIdentifier>{197d4727-d112-480d-bc07-1bea6998c692}</UniqueIdentifier>
    </Filter>
    <Filter Include="Libraries">
      <UniqueIdentifier>{1b4fbafc-e155-46e2-b20c-09f7296ba4c5}</UniqueIdentifier>
    </Filter>
    <Filter Include="Components">
      <UniqueIdentifier>{8aed3340-a008-490c-a0c5-d3670c16518c}</UniqueIdentifier>
    </Filter>
    <Filter Include="Components\include file">
      <UniqueIdentifier>{492a1ff2-dac2-4351-b706-13d8294aaf0c}</UniqueIdentifier>
    </Filter>
    <Filter Include="Components\Header Files">
      <UniqueIdentifier>{b8dd13e1-2b58-4c80-8368-d84e11e38bb6}</UniqueIdentifier>
    </Filter>
  </ItemGroup>
  <ItemGroup>
    <ClCompile Include="..\..\core\engine\src\Engine.cpp">
      <Filter>Engine\Source Files</Filter>
    </ClCompile>
    <ClCompile Include="..\..\core\engine\src\Entity.cpp">
      <Filter>Engine\Source Files</Filter>
    </ClCompile>
    <ClCompile Include="..\..\core\engine\src\System.cpp">
      <Filter>Engine\Source Files</Filter>
    </ClCompile>
    <ClCompile Include="..\..\core\engine\main.cpp">
      <Filter>Engine\Source Files</Filter>
    </ClCompile>
  </ItemGroup>
  <ItemGroup>
    <ClInclude Include="..\..\core\engine\headers\Component.h">
      <Filter>Engine\Header Files</Filter>
    </ClInclude>
    <ClInclude Include="..\..\core\engine\headers\Engine.h">
      <Filter>Engine\Header Files</Filter>
    </ClInclude>
    <ClInclude Include="..\..\core\engine\headers\Entity.h">
      <Filter>Engine\Header Files</Filter>
    </ClInclude>
    <ClInclude Include="..\..\core\engine\headers\System.h">
      <Filter>Engine\Header Files</Filter>
    </ClInclude>
    <ClInclude Include="..\..\core\components\Components.h">
      <Filter>Components\include file</Filter>
    </ClInclude>
    <ClInclude Include="..\..\core\components\Sprite.h">
      <Filter>Components\Header Files</Filter>
    </ClInclude>
    <ClInclude Include="..\..\core\components\Transform.h">
      <Filter>Components\Header Files</Filter>
    </ClInclude>
    <ClInclude Include="..\..\core\components\Collider.h">
      <Filter>Components\Header Files</Filter>
    </ClInclude>
  </ItemGroup>
</Project>